
Microsoft Visual Studio Solution File, Format Version 12.00
# Visual Studio Version 16
VisualStudioVersion = 16.0.29230.47
MinimumVisualStudioVersion = 10.0.40219.1
Project("{FAE04EC0-301F-11D3-BF4B-00C04F79EFBC}") = "WpfApp2", "WpfApp2.csproj", "{D1A058E5-A8C4-433D-B54D-BDBD98E32FDB}"
EndProject
Project("{FAE04EC0-301F-11D3-BF4B-00C04F79EFBC}") = "ServerClient", "..\ServerClient\ServerClient.csproj", "{369DE44F-AAFC-4DA0-B8B4-5931F59B250E}"
EndProject
Global
	GlobalSection(SolutionConfigurationPlatforms) = preSolution
		Debug|Any CPU = Debug|Any CPU
		Release|Any CPU = Release|Any CPU
	EndGlobalSection
	GlobalSection(ProjectConfigurationPlatforms) = postSolution
		{D1A058E5-A8C4-433D-B54D-BDBD98E32FDB}.Debug|Any CPU.ActiveCfg = Debug|Any CPU
		{D1A058E5-A8C4-433D-B54D-BDBD98E32FDB}.Debug|Any CPU.Build.0 = Debug|Any CPU
		{D1A058E5-A8C4-433D-B54D-BDBD98E32FDB}.Release|Any CPU.ActiveCfg = Release|Any CPU
		{D1A058E5-A8C4-433D-B54D-BDBD98E32FDB}.Release|Any CPU.Build.0 = Release|Any CPU
		{369DE44F-AAFC-4DA0-B8B4-5931F59B250E}.Debug|Any CPU.ActiveCfg = Debug|Any CPU
		{369DE44F-AAFC-4DA0-B8B4-5931F59B250E}.Debug|Any CPU.Build.0 = Debug|Any CPU
		{369DE44F-AAFC-4DA0-B8B4-5931F59B250E}.Release|Any CPU.ActiveCfg = Release|Any CPU
		{369DE44F-AAFC-4DA0-B8B4-5931F59B250E}.Release|Any CPU.Build.0 = Release|Any CPU
	EndGlobalSection
	GlobalSection(SolutionProperties) = preSolution
		HideSolutionNode = FALSE
	EndGlobalSection
	GlobalSection(ExtensibilityGlobals) = postSolution
		SolutionGuid = {6C91E1B4-1E41-426D-9B9C-E8922AA89971}
	EndGlobalSection
EndGlobal
